
Microsoft Visual Studio Solution File, Format Version 12.00
# Visual Studio Version 17
VisualStudioVersion = 17.9.34902.65
MinimumVisualStudioVersion = 10.0.40219.1
Project("{FAE04EC0-301F-11D3-BF4B-00C04F79EFBC}") = "CarInsurenceApi", "CarInsurenceApi\CarInsurenceApi.csproj", "{5C0B7C74-4984-4E53-896C-C5CD66D9108B}"
EndProject
Global
	GlobalSection(SolutionConfigurationPlatforms) = preSolution
		Debug|Any CPU = Debug|Any CPU
		Release|Any CPU = Release|Any CPU
	EndGlobalSection
	GlobalSection(ProjectConfigurationPlatforms) = postSolution
		{5C0B7C74-4984-4E53-896C-C5CD66D9108B}.Debug|Any CPU.ActiveCfg = Debug|Any CPU
		{5C0B7C74-4984-4E53-896C-C5CD66D9108B}.Debug|Any CPU.Build.0 = Debug|Any CPU
		{5C0B7C74-4984-4E53-896C-C5CD66D9108B}.Release|Any CPU.ActiveCfg = Release|Any CPU
		{5C0B7C74-4984-4E53-896C-C5CD66D9108B}.Release|Any CPU.Build.0 = Release|Any CPU
	EndGlobalSection
	GlobalSection(SolutionProperties) = preSolution
		HideSolutionNode = FALSE
	EndGlobalSection
	GlobalSection(ExtensibilityGlobals) = postSolution
		SolutionGuid = {D1757855-D1C2-4055-82A7-C0A83FD5407E}
	EndGlobalSection
EndGlobal
